<?xml version="1.0" encoding="utf-8"?>
<Project ToolsVersion="4.0" xmlns="http://schemas.microsoft.com/developer/msbuild/2003">
  <ItemGroup>
    <ClCompile Include="..\..\src\OSPSuite.SimModelNative\Src\BandwidthReduction.cpp">
      <Filter>SimModelNative_src</Filter>
    </ClCompile>
    <ClCompile Include="..\..\src\OSPSuite.SimModelNative\Src\BooleanFormula.cpp">
      <Filter>SimModelNative_src</Filter>
    </ClCompile>
    <ClCompile Include="..\..\src\OSPSuite.SimModelNative\Src\ConstantFormula.cpp">
      <Filter>SimModelNative_src</Filter>
    </ClCompile>
    <ClCompile Include="..\..\src\OSPSuite.SimModelNative\src\CppODEExporter.cpp">
      <Filter>SimModelNative_src</Filter>
    </ClCompile>
    <ClCompile Include="..\..\src\OSPSuite.SimModelNative\Src\DESolver.cpp">
      <Filter>SimModelNative_src</Filter>
    </ClCompile>
    <ClCompile Include="..\..\src\OSPSuite.SimModelNative\Src\DESolverProperties.cpp">
      <Filter>SimModelNative_src</Filter>
    </ClCompile>
    <ClCompile Include="..\..\src\OSPSuite.SimModelNative\Src\DiffFormula.cpp">
      <Filter>SimModelNative_src</Filter>
    </ClCompile>
    <ClCompile Include="..\..\src\OSPSuite.SimModelNative\Src\DivFormula.cpp">
      <Filter>SimModelNative_src</Filter>
    </ClCompile>
    <ClCompile Include="..\..\src\OSPSuite.SimModelNative\Src\ExplicitFormula.cpp">
      <Filter>SimModelNative_src</Filter>
    </ClCompile>
    <ClCompile Include="..\..\src\OSPSuite.SimModelNative\Src\Formula.cpp">
      <Filter>SimModelNative_src</Filter>
    </ClCompile>
    <ClCompile Include="..\..\src\OSPSuite.SimModelNative\Src\FormulaChange.cpp">
      <Filter>SimModelNative_src</Filter>
    </ClCompile>
    <ClCompile Include="..\..\src\OSPSuite.SimModelNative\Src\FormulaFactory.cpp">
      <Filter>SimModelNative_src</Filter>
    </ClCompile>
    <ClCompile Include="..\..\src\OSPSuite.SimModelNative\Src\GlobalConstants.cpp">
      <Filter>SimModelNative_src</Filter>
    </ClCompile>
    <ClCompile Include="..\..\src\OSPSuite.SimModelNative\Src\HierarchicalFormulaObject.cpp">
      <Filter>SimModelNative_src</Filter>
    </ClCompile>
    <ClCompile Include="..\..\src\OSPSuite.SimModelNative\Src\IfFormula.cpp">
      <Filter>SimModelNative_src</Filter>
    </ClCompile>
    <ClCompile Include="..\..\src\OSPSuite.SimModelNative\Src\MathHelper.cpp">
      <Filter>SimModelNative_src</Filter>
    </ClCompile>
    <ClCompile Include="..\..\src\OSPSuite.SimModelNative\Src\MatlabODEExporter.cpp">
      <Filter>SimModelNative_src</Filter>
    </ClCompile>
    <ClCompile Include="..\..\src\OSPSuite.SimModelNative\Src\MaxFormula.cpp">
      <Filter>SimModelNative_src</Filter>
    </ClCompile>
    <ClCompile Include="..\..\src\OSPSuite.SimModelNative\Src\MinFormula.cpp">
      <Filter>SimModelNative_src</Filter>
    </ClCompile>
    <ClCompile Include="..\..\src\OSPSuite.SimModelNative\Src\ObjectBase.cpp">
      <Filter>SimModelNative_src</Filter>
    </ClCompile>
    <ClCompile Include="..\..\src\OSPSuite.SimModelNative\Src\Observer.cpp">
      <Filter>SimModelNative_src</Filter>
    </ClCompile>
    <ClCompile Include="..\..\src\OSPSuite.SimModelSolverBase\src\OSPSuite.SimModelSolverBase\src\OptionInfo.cpp">
      <Filter>SimModelNative_src</Filter>
    </ClCompile>
    <ClCompile Include="..\..\src\OSPSuite.SimModelSolverBase\src\OSPSuite.SimModelSolverBase\src\OptionValueInfo.cpp">
      <Filter>SimModelNative_src</Filter>
    </ClCompile>
    <ClCompile Include="..\..\src\OSPSuite.SimModelNative\Src\OutputSchema.cpp">
      <Filter>SimModelNative_src</Filter>
    </ClCompile>
    <ClCompile Include="..\..\src\OSPSuite.SimModelNative\Src\Parameter.cpp">
      <Filter>SimModelNative_src</Filter>
    </ClCompile>
    <ClCompile Include="..\..\src\OSPSuite.SimModelNative\Src\ParameterFormula.cpp">
      <Filter>SimModelNative_src</Filter>
    </ClCompile>
    <ClCompile Include="..\..\src\OSPSuite.SimModelNative\Src\ParameterInfo.cpp">
      <Filter>SimModelNative_src</Filter>
    </ClCompile>
    <ClCompile Include="..\..\src\OSPSuite.SimModelNative\Src\ParameterSensitivity.cpp">
      <Filter>SimModelNative_src</Filter>
    </ClCompile>
    <ClCompile Include="..\..\src\OSPSuite.SimModelNative\src\PInvokeHelper.cpp">
      <Filter>SimModelNative_src</Filter>
    </ClCompile>
    <ClCompile Include="..\..\src\OSPSuite.SimModelNative\src\PInvokeQuantity.cpp">
      <Filter>SimModelNative_src</Filter>
    </ClCompile>
    <ClCompile Include="..\..\src\OSPSuite.SimModelNative\src\PInvokeSimulation.cpp">
      <Filter>SimModelNative_src</Filter>
    </ClCompile>
    <ClCompile Include="..\..\src\OSPSuite.SimModelNative\Src\PowerFormula.cpp">
      <Filter>SimModelNative_src</Filter>
    </ClCompile>
    <ClCompile Include="..\..\src\OSPSuite.SimModelNative\Src\ProductFormula.cpp">
      <Filter>SimModelNative_src</Filter>
    </ClCompile>
    <ClCompile Include="..\..\src\OSPSuite.SimModelNative\Src\Quantity.cpp">
      <Filter>SimModelNative_src</Filter>
    </ClCompile>
    <ClCompile Include="..\..\src\OSPSuite.SimModelNative\Src\QuantityInfo.cpp">
      <Filter>SimModelNative_src</Filter>
    </ClCompile>
    <ClCompile Include="..\..\src\OSPSuite.SimModelNative\Src\QuantityReference.cpp">
      <Filter>SimModelNative_src</Filter>
    </ClCompile>
    <ClCompile Include="..\..\src\OSPSuite.SimModelNative\Src\QuantityWithParameterSensitivity.cpp">
      <Filter>SimModelNative_src</Filter>
    </ClCompile>
    <ClCompile Include="..\..\src\OSPSuite.SimModelNative\Src\Rcm.cpp">
      <Filter>SimModelNative_src</Filter>
    </ClCompile>
    <ClCompile Include="..\..\src\OSPSuite.SimModelSolverBase\src\OSPSuite.SimModelSolverBase\src\SimModelSolverBase.cpp">
      <Filter>SimModelNative_src</Filter>
    </ClCompile>
    <ClCompile Include="..\..\src\OSPSuite.SimModelSolverBase\src\OSPSuite.SimModelSolverBase\src\SimModelSolverErrorData.cpp">
      <Filter>SimModelNative_src</Filter>
    </ClCompile>
    <ClCompile Include="..\..\src\OSPSuite.SimModelNative\Src\SimpleProductFormula.cpp">
      <Filter>SimModelNative_src</Filter>
    </ClCompile>
    <ClCompile Include="..\..\src\OSPSuite.SimModelNative\Src\Simulation.cpp">
      <Filter>SimModelNative_src</Filter>
    </ClCompile>
    <ClCompile Include="..\..\src\OSPSuite.SimModelNative\Src\SimulationOptions.cpp">
      <Filter>SimModelNative_src</Filter>
    </ClCompile>
    <ClCompile Include="..\..\src\OSPSuite.SimModelNative\Src\SimulationTask.cpp">
      <Filter>SimModelNative_src</Filter>
    </ClCompile>
    <ClCompile Include="..\..\src\OSPSuite.SimModelNative\Src\SolverWarning.cpp">
      <Filter>SimModelNative_src</Filter>
    </ClCompile>
    <ClCompile Include="..\..\src\OSPSuite.SimModelNative\Src\Species.cpp">
      <Filter>SimModelNative_src</Filter>
    </ClCompile>
    <ClCompile Include="..\..\src\OSPSuite.SimModelNative\Src\SpeciesInfo.cpp">
      <Filter>SimModelNative_src</Filter>
    </ClCompile>
    <ClCompile Include="..\..\src\OSPSuite.SimModelNative\Src\SumFormula.cpp">
      <Filter>SimModelNative_src</Filter>
    </ClCompile>
    <ClCompile Include="..\..\src\OSPSuite.SimModelNative\Src\Switch.cpp">
      <Filter>SimModelNative_src</Filter>
    </ClCompile>
    <ClCompile Include="..\..\src\OSPSuite.SimModelNative\Src\SwitchTask.cpp">
      <Filter>SimModelNative_src</Filter>
    </ClCompile>
    <ClCompile Include="..\..\src\OSPSuite.SimModelNative\Src\TableFormula.cpp">
      <Filter>SimModelNative_src</Filter>
    </ClCompile>
    <ClCompile Include="..\..\src\OSPSuite.SimModelNative\Src\TableFormulaWithOffset.cpp">
      <Filter>SimModelNative_src</Filter>
    </ClCompile>
    <ClCompile Include="..\..\src\OSPSuite.SimModelNative\src\TableFormulaWithXArgument.cpp">
      <Filter>SimModelNative_src</Filter>
    </ClCompile>
    <ClCompile Include="..\..\src\OSPSuite.SimModelNative\Src\UnaryFunctionFormula.cpp">
      <Filter>SimModelNative_src</Filter>
    </ClCompile>
    <ClCompile Include="..\..\src\OSPSuite.SimModelNative\Src\Variable.cpp">
      <Filter>SimModelNative_src</Filter>
    </ClCompile>
    <ClCompile Include="..\..\src\OSPSuite.SimModelNative\Src\VariableFormula.cpp">
      <Filter>SimModelNative_src</Filter>
    </ClCompile>
    <ClCompile Include="..\..\src\OSPSuite.SimModelNative\src\VariableWithParameterSensitivity.cpp">
      <Filter>SimModelNative_src</Filter>
    </ClCompile>
    <ClCompile Include="src\ConstantFormulaTests.cpp">
      <Filter>src</Filter>
    </ClCompile>
    <ClCompile Include="src\ErrorDataTests.cpp">
      <Filter>src</Filter>
    </ClCompile>
    <ClCompile Include="src\MathHelperTests.cpp">
      <Filter>src</Filter>
    </ClCompile>
    <ClCompile Include="src\OutputSchemaTests.cpp">
      <Filter>src</Filter>
    </ClCompile>
    <ClCompile Include="src\RcmTests.cpp">
      <Filter>src</Filter>
    </ClCompile>
    <ClCompile Include="src\SimulationOptionsTests.cpp">
      <Filter>src</Filter>
    </ClCompile>
    <ClCompile Include="src\SolverWarningTests.cpp">
      <Filter>src</Filter>
    </ClCompile>
  </ItemGroup>
  <ItemGroup>
    <Filter Include="SimModelNative_src">
      <UniqueIdentifier>{17ccadf1-67c3-4476-9b88-668da9d52aba}</UniqueIdentifier>
    </Filter>
    <Filter Include="src">
      <UniqueIdentifier>{a9fa05d9-ffd2-4d53-a9d0-40c756deb094}</UniqueIdentifier>
    </Filter>
  </ItemGroup>
</Project>